{
  "name": "promise-to-upload-dist",
  "version": "0.0.1",
  "lockfileVersion": 1,
  "requires": true,
  "dependencies": {
    "accumulate-files": {
      "version": "gist:833bcd35413f0f90d692c7d8d5bc22c8#40791662f1e7dbd6984aee0fcb24bb036217bb8e",
      "from": "gist:833bcd35413f0f90d692c7d8d5bc22c8",
      "dev": true
    },
    "content-type": {
      "version": "gist:9318fbe9eae86a6e1f7e01b7eaa28cc6#a4ea33d6e7ec78dd0c5c83173750b8582ca32dfb",
      "from": "gist:9318fbe9eae86a6e1f7e01b7eaa28cc6",
      "dev": true
    },
    "s3-upload": {
      "version": "gist:eb216ab0f687c7d9f3691f2efa7715bb#8e3734b73266dcc150beca65e96c8601eb26f9cc",
      "from": "gist:eb216ab0f687c7d9f3691f2efa7715bb",
      "dev": true
    }
  }
}
